{
    "_readme": [
        "This file locks the dependencies of your project to a known state",
        "Read more about it at https://getcomposer.org/doc/01-basic-usage.md#composer-lock-the-lock-file",
        "This file is @generated automatically"
    ],
    "hash": "211a05ac3589ce69b8f40d41f9b41806",
    "content-hash": "1a1271a2d997fedd221f9c0a62877296",
    "packages": [],
    "packages-dev": [],
    "aliases": [],
    "minimum-stability": "stable",
    "stability-flags": [],
    "prefer-stable": false,
    "prefer-lowest": false,
    "platform": {
        "ext-memcache": "^3.0",
        "php": "^5.6"
    },
    "platform-dev": []
}
