{
    "_readme": [
        "This file locks the dependencies of your project to a known state",
        "Read more about it at https://getcomposer.org/doc/01-basic-usage.md#composer-lock-the-lock-file",
        "This file is @generated automatically"
    ],
    "hash": "a16cbbb45dd2f24eae3e672f0ddcd3c0",
    "content-hash": "212965aca3ef727b2e0479a1381d6659",
    "packages": [
        {
            "name": "cache/adapter-common",
            "version": "0.3.0",
            "source": {
                "type": "git",
                "url": "https://github.com/php-cache/adapter-common.git",
                "reference": "56c9c9af1b6389f6aa2c26df23a1c058249c384a"
            },
            "dist": {
                "type": "zip",
                "url": "https://api.github.com/repos/php-cache/adapter-common/zipball/56c9c9af1b6389f6aa2c26df23a1c058249c384a",
                "reference": "56c9c9af1b6389f6aa2c26df23a1c058249c384a",
                "shasum": ""
            },
            "require": {
                "cache/taggable-cache": "^0.4",
                "php": "^5.5|^7.0",
                "psr/cache": "^1.0"
            },
            "require-dev": {
                "cache/integration-tests": "^0.9",
                "phpunit/phpunit": "^4.0|^5.1"
            },
            "type": "library",
            "autoload": {
                "psr-4": {
                    "Cache\\Adapter\\Common\\": ""
                }
            },
            "notification-url": "https://packagist.org/downloads/",
            "license": [
                "MIT"
            ],
            "authors": [
                {
                    "name": "Aaron Scherer",
                    "email": "aequasi@gmail.com",
                    "homepage": "https://github.com/aequasi"
                },
                {
                    "name": "Tobias Nyholm",
                    "email": "tobias.nyholm@gmail.com",
                    "homepage": "https://github.com/nyholm"
                }
            ],
            "description": "Common classes for PSR-6 adapters",
            "homepage": "https://github.com/php-cache/adapter-common",
            "keywords": [
                "cache",
                "psr-6",
                "tag"
            ],
            "time": "2016-02-25 08:03:59"
        },
        {
            "name": "cache/hierarchical-cache",
            "version": "0.2.1",
            "source": {
                "type": "git",
                "url": "https://github.com/php-cache/hierarchical-cache.git",
                "reference": "9f7359e7af53005396d1b75c677683fa1ee42379"
            },
            "dist": {
                "type": "zip",
                "url": "https://api.github.com/repos/php-cache/hierarchical-cache/zipball/9f7359e7af53005396d1b75c677683fa1ee42379",
                "reference": "9f7359e7af53005396d1b75c677683fa1ee42379",
                "shasum": ""
            },
            "require": {
                "cache/taggable-cache": "^0.4",
                "php": "^5.5|^7.0",
                "psr/cache": "^1.0"
            },
            "require-dev": {
                "cache/array-adapter": "@stable",
                "cache/integration-tests": "^0.9",
                "phpunit/phpunit": "^4.0|^5.1"
            },
            "type": "library",
            "autoload": {
                "psr-4": {
                    "Cache\\Hierarchy\\": ""
                },
                "exclude-from-classmap": [
                    "/Tests/"
                ]
            },
            "notification-url": "https://packagist.org/downloads/",
            "license": [
                "MIT"
            ],
            "authors": [
                {
                    "name": "Aaron Scherer",
                    "email": "aequasi@gmail.com",
                    "homepage": "https://github.com/aequasi"
                },
                {
                    "name": "Tobias Nyholm",
                    "email": "tobias.nyholm@gmail.com",
                    "homepage": "https://github.com/nyholm"
                }
            ],
            "description": "A helper trait and interface to your PSR-6 cache to support hierarchical keys.",
            "homepage": "https://github.com/php-cache/hierarchical-cache",
            "keywords": [
                "cache",
                "hierarchical",
                "psr-6",
                "tag"
            ],
            "time": "2016-02-25 08:03:59"
        },
        {
            "name": "cache/memcached-adapter",
            "version": "0.3.1",
            "source": {
                "type": "git",
                "url": "https://github.com/php-cache/memcached-adapter.git",
                "reference": "e6c569e9674e184f39c16beb9eb2f39c0b914138"
            },
            "dist": {
                "type": "zip",
                "url": "https://api.github.com/repos/php-cache/memcached-adapter/zipball/e6c569e9674e184f39c16beb9eb2f39c0b914138",
                "reference": "e6c569e9674e184f39c16beb9eb2f39c0b914138",
                "shasum": ""
            },
            "require": {
                "cache/adapter-common": "^0.3",
                "cache/hierarchical-cache": "^0.2",
                "cache/taggable-cache": "^0.4",
                "php": "^5.5|^7.0",
                "psr/cache": "^1.0"
            },
            "provide": {
                "psr/cache-implementation": "^1.0"
            },
            "require-dev": {
                "cache/integration-tests": "^0.9",
                "phpunit/phpunit": "^4.0|^5.1"
            },
            "suggest": {
                "ext-memcached": "The extension required to use this pool."
            },
            "type": "library",
            "autoload": {
                "psr-4": {
                    "Cache\\Adapter\\Memcached\\": ""
                },
                "exclude-from-classmap": [
                    "/Tests/"
                ]
            },
            "notification-url": "https://packagist.org/downloads/",
            "license": [
                "MIT"
            ],
            "authors": [
                {
                    "name": "Aaron Scherer",
                    "email": "aequasi@gmail.com",
                    "homepage": "https://github.com/aequasi"
                },
                {
                    "name": "Tobias Nyholm",
                    "email": "tobias.nyholm@gmail.com",
                    "homepage": "https://github.com/nyholm"
                }
            ],
            "description": "A PSR-6 cache implementation using Memcached. This implementation supports tags",
            "homepage": "http://www.php-cache.com/en/latest/",
            "keywords": [
                "cache",
                "memcached",
                "psr-6",
                "tag"
            ],
            "time": "2016-03-01 21:01:28"
        },
        {
            "name": "cache/taggable-cache",
            "version": "0.4.0",
            "source": {
                "type": "git",
                "url": "https://github.com/php-cache/taggable-cache.git",
                "reference": "ad9276e372043e17aa386d63e85272c35b2ebfe7"
            },
            "dist": {
                "type": "zip",
                "url": "https://api.github.com/repos/php-cache/taggable-cache/zipball/ad9276e372043e17aa386d63e85272c35b2ebfe7",
                "reference": "ad9276e372043e17aa386d63e85272c35b2ebfe7",
                "shasum": ""
            },
            "require": {
                "php": "^5.5|^7.0",
                "psr/cache": "^1.0"
            },
            "require-dev": {
                "cache/integration-tests": "^0.9",
                "phpunit/phpunit": "^4.1|^5.1"
            },
            "type": "library",
            "autoload": {
                "psr-4": {
                    "Cache\\Taggable\\": ""
                },
                "exclude-from-classmap": [
                    "/Tests/"
                ]
            },
            "notification-url": "https://packagist.org/downloads/",
            "license": [
                "MIT"
            ],
            "authors": [
                {
                    "name": "Aaron Scherer",
                    "email": "aequasi@gmail.com",
                    "homepage": "https://github.com/aequasi"
                },
                {
                    "name": "Tobias Nyholm",
                    "email": "tobias.nyholm@gmail.com",
                    "homepage": "https://github.com/nyholm"
                }
            ],
            "description": "Add tag support to your PSR-6 cache implementation",
            "homepage": "https://github.com/php-cache/taggable-cache",
            "keywords": [
                "Taggable",
                "cache",
                "psr6",
                "tag"
            ],
            "time": "2016-02-28 16:35:05"
        },
        {
            "name": "heroku/heroku-buildpack-php",
            "version": "v100",
            "source": {
                "type": "git",
                "url": "https://github.com/heroku/heroku-buildpack-php.git",
                "reference": "092b9d33d98764704ccd75db0ea1cef8eeee4b25"
            },
            "dist": {
                "type": "zip",
                "url": "https://api.github.com/repos/heroku/heroku-buildpack-php/zipball/092b9d33d98764704ccd75db0ea1cef8eeee4b25",
                "reference": "092b9d33d98764704ccd75db0ea1cef8eeee4b25",
                "shasum": ""
            },
            "bin": [
                "bin/heroku-hhvm-apache2",
                "bin/heroku-hhvm-nginx",
                "bin/heroku-php-apache2",
                "bin/heroku-php-nginx"
            ],
            "type": "library",
            "notification-url": "https://packagist.org/downloads/",
            "license": [
                "MIT"
            ],
            "authors": [
                {
                    "name": "David Zuelke",
                    "email": "dz@heroku.com"
                }
            ],
            "description": "Toolkit for starting a PHP application locally, with or without foreman, using the same config for PHP/HHVM and Apache2/Nginx as on Heroku",
            "homepage": "http://github.com/heroku/heroku-buildpack-php",
            "keywords": [
                "apache",
                "apache2",
                "foreman",
                "heroku",
                "hhvm",
                "nginx",
                "php"
            ],
            "time": "2016-03-31 13:33:46"
        },
        {
            "name": "psr/cache",
            "version": "1.0.0",
            "source": {
                "type": "git",
                "url": "https://github.com/php-fig/cache.git",
                "reference": "9e66031f41fbbdda45ee11e93c45d480ccba3eb3"
            },
            "dist": {
                "type": "zip",
                "url": "https://api.github.com/repos/php-fig/cache/zipball/9e66031f41fbbdda45ee11e93c45d480ccba3eb3",
                "reference": "9e66031f41fbbdda45ee11e93c45d480ccba3eb3",
                "shasum": ""
            },
            "require": {
                "php": ">=5.3.0"
            },
            "type": "library",
            "extra": {
                "branch-alias": {
                    "dev-master": "1.0.x-dev"
                }
            },
            "autoload": {
                "psr-4": {
                    "Psr\\Cache\\": "src/"
                }
            },
            "notification-url": "https://packagist.org/downloads/",
            "license": [
                "MIT"
            ],
            "authors": [
                {
                    "name": "PHP-FIG",
                    "homepage": "http://www.php-fig.org/"
                }
            ],
            "description": "Common interface for caching libraries",
            "keywords": [
                "cache",
                "psr",
                "psr-6"
            ],
            "time": "2015-12-11 02:52:07"
        }
    ],
    "packages-dev": [],
    "aliases": [],
    "minimum-stability": "stable",
    "stability-flags": [],
    "prefer-stable": false,
    "prefer-lowest": false,
    "platform": [],
    "platform-dev": []
}
